
Microsoft Visual Studio Solution File, Format Version 12.00
# Visual Studio Version 17
VisualStudioVersion = 17.7.34031.279
MinimumVisualStudioVersion = 10.0.40219.1
Project("{FAE04EC0-301F-11D3-BF4B-00C04F79EFBC}") = "UkolXPTDD", "UkolXPTDD\UkolXPTDD.csproj", "{B3608B51-1D06-412E-925F-416DB666FBE7}"
EndProject
Project("{FAE04EC0-301F-11D3-BF4B-00C04F79EFBC}") = "KnihovnaTrid", "KnihovnaTrid\KnihovnaTrid.csproj", "{11F05D89-DF58-4967-BE59-614E6985305F}"
EndProject
Global
	GlobalSection(SolutionConfigurationPlatforms) = preSolution
		Debug|Any CPU = Debug|Any CPU
		Release|Any CPU = Release|Any CPU
	EndGlobalSection
	GlobalSection(ProjectConfigurationPlatforms) = postSolution
		{B3608B51-1D06-412E-925F-416DB666FBE7}.Debug|Any CPU.ActiveCfg = Debug|Any CPU
		{B3608B51-1D06-412E-925F-416DB666FBE7}.Debug|Any CPU.Build.0 = Debug|Any CPU
		{B3608B51-1D06-412E-925F-416DB666FBE7}.Release|Any CPU.ActiveCfg = Release|Any CPU
		{B3608B51-1D06-412E-925F-416DB666FBE7}.Release|Any CPU.Build.0 = Release|Any CPU
		{11F05D89-DF58-4967-BE59-614E6985305F}.Debug|Any CPU.ActiveCfg = Debug|Any CPU
		{11F05D89-DF58-4967-BE59-614E6985305F}.Debug|Any CPU.Build.0 = Debug|Any CPU
		{11F05D89-DF58-4967-BE59-614E6985305F}.Release|Any CPU.ActiveCfg = Release|Any CPU
		{11F05D89-DF58-4967-BE59-614E6985305F}.Release|Any CPU.Build.0 = Release|Any CPU
	EndGlobalSection
	GlobalSection(SolutionProperties) = preSolution
		HideSolutionNode = FALSE
	EndGlobalSection
	GlobalSection(ExtensibilityGlobals) = postSolution
		SolutionGuid = {DB5CADF6-C175-4EDB-B39F-F5E779EF336A}
	EndGlobalSection
EndGlobal
